
Microsoft Visual Studio Solution File, Format Version 12.00
# Visual Studio 15
VisualStudioVersion = 15.0.27703.2026
MinimumVisualStudioVersion = 10.0.40219.1
Project("{FAE04EC0-301F-11D3-BF4B-00C04F79EFBC}") = "BookSamplesTesting", "BookSamplesTesting\BookSamplesTesting.csproj", "{64627419-4813-4ECE-8754-C5BC7AE396D2}"
EndProject
Global
	GlobalSection(SolutionConfigurationPlatforms) = preSolution
		Debug|Any CPU = Debug|Any CPU
		Release|Any CPU = Release|Any CPU
	EndGlobalSection
	GlobalSection(ProjectConfigurationPlatforms) = postSolution
		{64627419-4813-4ECE-8754-C5BC7AE396D2}.Debug|Any CPU.ActiveCfg = Debug|Any CPU
		{64627419-4813-4ECE-8754-C5BC7AE396D2}.Debug|Any CPU.Build.0 = Debug|Any CPU
		{64627419-4813-4ECE-8754-C5BC7AE396D2}.Release|Any CPU.ActiveCfg = Release|Any CPU
		{64627419-4813-4ECE-8754-C5BC7AE396D2}.Release|Any CPU.Build.0 = Release|Any CPU
	EndGlobalSection
	GlobalSection(SolutionProperties) = preSolution
		HideSolutionNode = FALSE
	EndGlobalSection
	GlobalSection(ExtensibilityGlobals) = postSolution
		SolutionGuid = {46C9BB6A-8F34-4ACE-AB06-7F03DF27C256}
	EndGlobalSection
EndGlobal
